// !$*UTF8*$!
{
	archiveVersion = 1;
	classes = {
	};
	objectVersion = 55;
	objects = {

/* Begin PBXBuildFile section */
		1F0E96A3285A00BF00E5EFFD /* ios_localization_testApp.swift in Sources */ = {isa = PBXBuildFile; fileRef = 1F0E96A2285A00BF00E5EFFD /* ios_localization_testApp.swift */; };
		1F0E96A5285A00BF00E5EFFD /* ContentView.swift in Sources */ = {isa = PBXBuildFile; fileRef = 1F0E96A4285A00BF00E5EFFD /* ContentView.swift */; };
		1F0E96A7285A00C000E5EFFD /* Assets.xcassets in Resources */ = {isa = PBXBuildFile; fileRef = 1F0E96A6285A00C000E5EFFD /* Assets.xcassets */; };
		1F0E96AA285A00C000E5EFFD /* Preview Assets.xcassets in Resources */ = {isa = PBXBuildFile; fileRef = 1F0E96A9285A00C000E5EFFD /* Preview Assets.xcassets */; };
		1F0E96B4285A00C000E5EFFD /* ios_localization_testTests.swift in Sources */ = {isa = PBXBuildFile; fileRef = 1F0E96B3285A00C000E5EFFD /* ios_localization_testTests.swift */; };
		1F0E96BE285A00C000E5EFFD /* ios_localization_testUITests.swift in Sources */ = {isa = PBXBuildFile; fileRef = 1F0E96BD285A00C000E5EFFD /* ios_localization_testUITests.swift */; };
		1F0E96C0285A00C000E5EFFD /* ios_localization_testUITestsLaunchTests.swift in Sources */ = {isa = PBXBuildFile; fileRef = 1F0E96BF285A00C000E5EFFD /* ios_localization_testUITestsLaunchTests.swift */; };
		1F0E96CF285A0B0600E5EFFD /* Localizable.strings in Resources */ = {isa = PBXBuildFile; fileRef = 1F0E96D1285A0B0600E5EFFD /* Localizable.strings */; };
		1F0E96D6285A26AC00E5EFFD /* Localizable.stringsdict in Resources */ = {isa = PBXBuildFile; fileRef = 1F0E96D8285A26AC00E5EFFD /* Localizable.stringsdict */; };
/* End PBXBuildFile section */

/* Begin PBXContainerItemProxy section */
		1F0E96B0285A00C000E5EFFD /* PBXContainerItemProxy */ = {
			isa = PBXContainerItemProxy;
			containerPortal = 1F0E9697285A00BF00E5EFFD /* Project object */;
			proxyType = 1;
			remoteGlobalIDString = 1F0E969E285A00BF00E5EFFD;
			remoteInfo = "ios-localization-test";
		};
		1F0E96BA285A00C000E5EFFD /* PBXContainerItemProxy */ = {
			isa = PBXContainerItemProxy;
			containerPortal = 1F0E9697285A00BF00E5EFFD /* Project object */;
			proxyType = 1;
			remoteGlobalIDString = 1F0E969E285A00BF00E5EFFD;
			remoteInfo = "ios-localization-test";
		};
/* End PBXContainerItemProxy section */

/* Begin PBXFileReference section */
		1F0E969F285A00BF00E5EFFD /* ios-localization-test.app */ = {isa = PBXFileReference; explicitFileType = wrapper.application; includeInIndex = 0; path = "ios-localization-test.app"; sourceTree = BUILT_PRODUCTS_DIR; };
		1F0E96A2285A00BF00E5EFFD /* ios_localization_testApp.swift */ = {isa = PBXFileReference; lastKnownFileType = sourcecode.swift; path = ios_localization_testApp.swift; sourceTree = "<group>"; };
		1F0E96A4285A00BF00E5EFFD /* ContentView.swift */ = {isa = PBXFileReference; lastKnownFileType = sourcecode.swift; path = ContentView.swift; sourceTree = "<group>"; };
		1F0E96A6285A00C000E5EFFD /* Assets.xcassets */ = {isa = PBXFileReference; lastKnownFileType = folder.assetcatalog; path = Assets.xcassets; sourceTree = "<group>"; };
		1F0E96A9285A00C000E5EFFD /* Preview Assets.xcassets */ = {isa = PBXFileReference; lastKnownFileType = folder.assetcatalog; path = "Preview Assets.xcassets"; sourceTree = "<group>"; };
		1F0E96AF285A00C000E5EFFD /* ios-localization-testTests.xctest */ = {isa = PBXFileReference; explicitFileType = wrapper.cfbundle; includeInIndex = 0; path = "ios-localization-testTests.xctest"; sourceTree = BUILT_PRODUCTS_DIR; };
		1F0E96B3285A00C000E5EFFD /* ios_localization_testTests.swift */ = {isa = PBXFileReference; lastKnownFileType = sourcecode.swift; path = ios_localization_testTests.swift; sourceTree = "<group>"; };
		1F0E96B9285A00C000E5EFFD /* ios-localization-testUITests.xctest */ = {isa = PBXFileReference; explicitFileType = wrapper.cfbundle; includeInIndex = 0; path = "ios-localization-testUITests.xctest"; sourceTree = BUILT_PRODUCTS_DIR; };
		1F0E96BD285A00C000E5EFFD /* ios_localization_testUITests.swift */ = {isa = PBXFileReference; lastKnownFileType = sourcecode.swift; path = ios_localization_testUITests.swift; sourceTree = "<group>"; };
		1F0E96BF285A00C000E5EFFD /* ios_localization_testUITestsLaunchTests.swift */ = {isa = PBXFileReference; lastKnownFileType = sourcecode.swift; path = ios_localization_testUITestsLaunchTests.swift; sourceTree = "<group>"; };
		1F0E96D0285A0B0600E5EFFD /* en */ = {isa = PBXFileReference; lastKnownFileType = text.plist.strings; name = en; path = en.lproj/Localizable.strings; sourceTree = "<group>"; };
		1F0E96D2285A0B2B00E5EFFD /* ar */ = {isa = PBXFileReference; lastKnownFileType = text.plist.strings; name = ar; path = ar.lproj/Localizable.strings; sourceTree = "<group>"; };
		1F0E96D3285A0B3300E5EFFD /* ru */ = {isa = PBXFileReference; lastKnownFileType = text.plist.strings; name = ru; path = ru.lproj/Localizable.strings; sourceTree = "<group>"; };
		1F0E96D7285A26AC00E5EFFD /* en */ = {isa = PBXFileReference; lastKnownFileType = text.plist.stringsdict; name = en; path = en.lproj/Localizable.stringsdict; sourceTree = "<group>"; };
		1F0E96D9285A26AF00E5EFFD /* ar */ = {isa = PBXFileReference; lastKnownFileType = text.plist.stringsdict; name = ar; path = ar.lproj/Localizable.stringsdict; sourceTree = "<group>"; };
		1F0E96DA285A26B000E5EFFD /* ru */ = {isa = PBXFileReference; lastKnownFileType = text.plist.stringsdict; name = ru; path = ru.lproj/Localizable.stringsdict; sourceTree = "<group>"; };
/* End PBXFileReference section */

/* Begin PBXFrameworksBuildPhase section */
		1F0E969C285A00BF00E5EFFD /* Frameworks */ = {
			isa = PBXFrameworksBuildPhase;
			buildActionMask = 2147483647;
			files = (
			);
			runOnlyForDeploymentPostprocessing = 0;
		};
		1F0E96AC285A00C000E5EFFD /* Frameworks */ = {
			isa = PBXFrameworksBuildPhase;
			buildActionMask = 2147483647;
			files = (
			);
			runOnlyForDeploymentPostprocessing = 0;
		};
		1F0E96B6285A00C000E5EFFD /* Frameworks */ = {
			isa = PBXFrameworksBuildPhase;
			buildActionMask = 2147483647;
			files = (
			);
			runOnlyForDeploymentPostprocessing = 0;
		};
/* End PBXFrameworksBuildPhase section */

/* Begin PBXGroup section */
		1F0E9696285A00BF00E5EFFD = {
			isa = PBXGroup;
			children = (
				1F0E96A1285A00BF00E5EFFD /* ios-localization-test */,
				1F0E96B2285A00C000E5EFFD /* ios-localization-testTests */,
				1F0E96BC285A00C000E5EFFD /* ios-localization-testUITests */,
				1F0E96A0285A00BF00E5EFFD /* Products */,
			);
			sourceTree = "<group>";
		};
		1F0E96A0285A00BF00E5EFFD /* Products */ = {
			isa = PBXGroup;
			children = (
				1F0E969F285A00BF00E5EFFD /* ios-localization-test.app */,
				1F0E96AF285A00C000E5EFFD /* ios-localization-testTests.xctest */,
				1F0E96B9285A00C000E5EFFD /* ios-localization-testUITests.xctest */,
			);
			name = Products;
			sourceTree = "<group>";
		};
		1F0E96A1285A00BF00E5EFFD /* ios-localization-test */ = {
			isa = PBXGroup;
			children = (
				1F0E96CC285A0ADD00E5EFFD /* Localization */,
				1F0E96A2285A00BF00E5EFFD /* ios_localization_testApp.swift */,
				1F0E96A4285A00BF00E5EFFD /* ContentView.swift */,
				1F0E96A6285A00C000E5EFFD /* Assets.xcassets */,
				1F0E96A8285A00C000E5EFFD /* Preview Content */,
			);
			path = "ios-localization-test";
			sourceTree = "<group>";
		};
		1F0E96A8285A00C000E5EFFD /* Preview Content */ = {
			isa = PBXGroup;
			children = (
				1F0E96A9285A00C000E5EFFD /* Preview Assets.xcassets */,
			);
			path = "Preview Content";
			sourceTree = "<group>";
		};
		1F0E96B2285A00C000E5EFFD /* ios-localization-testTests */ = {
			isa = PBXGroup;
			children = (
				1F0E96B3285A00C000E5EFFD /* ios_localization_testTests.swift */,
			);
			path = "ios-localization-testTests";
			sourceTree = "<group>";
		};
		1F0E96BC285A00C000E5EFFD /* ios-localization-testUITests */ = {
			isa = PBXGroup;
			children = (
				1F0E96BD285A00C000E5EFFD /* ios_localization_testUITests.swift */,
				1F0E96BF285A00C000E5EFFD /* ios_localization_testUITestsLaunchTests.swift */,
			);
			path = "ios-localization-testUITests";
			sourceTree = "<group>";
		};
		1F0E96CC285A0ADD00E5EFFD /* Localization */ = {
			isa = PBXGroup;
			children = (
				1F0E96D1285A0B0600E5EFFD /* Localizable.strings */,
				1F0E96D8285A26AC00E5EFFD /* Localizable.stringsdict */,
			);
			path = Localization;
			sourceTree = "<group>";
		};
/* End PBXGroup section */

/* Begin PBXNativeTarget section */
		1F0E969E285A00BF00E5EFFD /* ios-localization-test */ = {
			isa = PBXNativeTarget;
			buildConfigurationList = 1F0E96C3285A00C000E5EFFD /* Build configuration list for PBXNativeTarget "ios-localization-test" */;
			buildPhases = (
				1F0E969B285A00BF00E5EFFD /* Sources */,
				1F0E969C285A00BF00E5EFFD /* Frameworks */,
				1F0E969D285A00BF00E5EFFD /* Resources */,
			);
			buildRules = (
			);
			dependencies = (
			);
			name = "ios-localization-test";
			productName = "ios-localization-test";
			productReference = 1F0E969F285A00BF00E5EFFD /* ios-localization-test.app */;
			productType = "com.apple.product-type.application";
		};
		1F0E96AE285A00C000E5EFFD /* ios-localization-testTests */ = {
			isa = PBXNativeTarget;
			buildConfigurationList = 1F0E96C6285A00C000E5EFFD /* Build configuration list for PBXNativeTarget "ios-localization-testTests" */;
			buildPhases = (
				1F0E96AB285A00C000E5EFFD /* Sources */,
				1F0E96AC285A00C000E5EFFD /* Frameworks */,
				1F0E96AD285A00C000E5EFFD /* Resources */,
			);
			buildRules = (
			);
			dependencies = (
				1F0E96B1285A00C000E5EFFD /* PBXTargetDependency */,
			);
			name = "ios-localization-testTests";
			productName = "ios-localization-testTests";
			productReference = 1F0E96AF285A00C000E5EFFD /* ios-localization-testTests.xctest */;
			productType = "com.apple.product-type.bundle.unit-test";
		};
		1F0E96B8285A00C000E5EFFD /* ios-localization-testUITests */ = {
			isa = PBXNativeTarget;
			buildConfigurationList = 1F0E96C9285A00C000E5EFFD /* Build configuration list for PBXNativeTarget "ios-localization-testUITests" */;
			buildPhases = (
				1F0E96B5285A00C000E5EFFD /* Sources */,
				1F0E96B6285A00C000E5EFFD /* Frameworks */,
				1F0E96B7285A00C000E5EFFD /* Resources */,
			);
			buildRules = (
			);
			dependencies = (
				1F0E96BB285A00C000E5EFFD /* PBXTargetDependency */,
			);
			name = "ios-localization-testUITests";
			productName = "ios-localization-testUITests";
			productReference = 1F0E96B9285A00C000E5EFFD /* ios-localization-testUITests.xctest */;
			productType = "com.apple.product-type.bundle.ui-testing";
		};
/* End PBXNativeTarget section */

/* Begin PBXProject section */
		1F0E9697285A00BF00E5EFFD /* Project object */ = {
			isa = PBXProject;
			attributes = {
				BuildIndependentTargetsInParallel = 1;
				LastSwiftUpdateCheck = 1300;
				LastUpgradeCheck = 1300;
				TargetAttributes = {
					1F0E969E285A00BF00E5EFFD = {
						CreatedOnToolsVersion = 13.0;
					};
					1F0E96AE285A00C000E5EFFD = {
						CreatedOnToolsVersion = 13.0;
						TestTargetID = 1F0E969E285A00BF00E5EFFD;
					};
					1F0E96B8285A00C000E5EFFD = {
						CreatedOnToolsVersion = 13.0;
						TestTargetID = 1F0E969E285A00BF00E5EFFD;
					};
				};
			};
			buildConfigurationList = 1F0E969A285A00BF00E5EFFD /* Build configuration list for PBXProject "ios-localization-test" */;
			compatibilityVersion = "Xcode 13.0";
			developmentRegion = en;
			hasScannedForEncodings = 0;
			knownRegions = (
				en,
				Base,
				ar,
				ru,
			);
			mainGroup = 1F0E9696285A00BF00E5EFFD;
			productRefGroup = 1F0E96A0285A00BF00E5EFFD /* Products */;
			projectDirPath = "";
			projectRoot = "";
			targets = (
				1F0E969E285A00BF00E5EFFD /* ios-localization-test */,
				1F0E96AE285A00C000E5EFFD /* ios-localization-testTests */,
				1F0E96B8285A00C000E5EFFD /* ios-localization-testUITests */,
			);
		};
/* End PBXProject section */

/* Begin PBXResourcesBuildPhase section */
		1F0E969D285A00BF00E5EFFD /* Resources */ = {
			isa = PBXResourcesBuildPhase;
			buildActionMask = 2147483647;
			files = (
				1F0E96AA285A00C000E5EFFD /* Preview Assets.xcassets in Resources */,
				1F0E96D6285A26AC00E5EFFD /* Localizable.stringsdict in Resources */,
				1F0E96CF285A0B0600E5EFFD /* Localizable.strings in Resources */,
				1F0E96A7285A00C000E5EFFD /* Assets.xcassets in Resources */,
			);
			runOnlyForDeploymentPostprocessing = 0;
		};
		1F0E96AD285A00C000E5EFFD /* Resources */ = {
			isa = PBXResourcesBuildPhase;
			buildActionMask = 2147483647;
			files = (
			);
			runOnlyForDeploymentPostprocessing = 0;
		};
		1F0E96B7285A00C000E5EFFD /* Resources */ = {
			isa = PBXResourcesBuildPhase;
			buildActionMask = 2147483647;
			files = (
			);
			runOnlyForDeploymentPostprocessing = 0;
		};
/* End PBXResourcesBuildPhase section */

/* Begin PBXSourcesBuildPhase section */
		1F0E969B285A00BF00E5EFFD /* Sources */ = {
			isa = PBXSourcesBuildPhase;
			buildActionMask = 2147483647;
			files = (
				1F0E96A5285A00BF00E5EFFD /* ContentView.swift in Sources */,
				1F0E96A3285A00BF00E5EFFD /* ios_localization_testApp.swift in Sources */,
			);
			runOnlyForDeploymentPostprocessing = 0;
		};
		1F0E96AB285A00C000E5EFFD /* Sources */ = {
			isa = PBXSourcesBuildPhase;
			buildActionMask = 2147483647;
			files = (
				1F0E96B4285A00C000E5EFFD /* ios_localization_testTests.swift in Sources */,
			);
			runOnlyForDeploymentPostprocessing = 0;
		};
		1F0E96B5285A00C000E5EFFD /* Sources */ = {
			isa = PBXSourcesBuildPhase;
			buildActionMask = 2147483647;
			files = (
				1F0E96BE285A00C000E5EFFD /* ios_localization_testUITests.swift in Sources */,
				1F0E96C0285A00C000E5EFFD /* ios_localization_testUITestsLaunchTests.swift in Sources */,
			);
			runOnlyForDeploymentPostprocessing = 0;
		};
/* End PBXSourcesBuildPhase section */

/* Begin PBXTargetDependency section */
		1F0E96B1285A00C000E5EFFD /* PBXTargetDependency */ = {
			isa = PBXTargetDependency;
			target = 1F0E969E285A00BF00E5EFFD /* ios-localization-test */;
			targetProxy = 1F0E96B0285A00C000E5EFFD /* PBXContainerItemProxy */;
		};
		1F0E96BB285A00C000E5EFFD /* PBXTargetDependency */ = {
			isa = PBXTargetDependency;
			target = 1F0E969E285A00BF00E5EFFD /* ios-localization-test */;
			targetProxy = 1F0E96BA285A00C000E5EFFD /* PBXContainerItemProxy */;
		};
/* End PBXTargetDependency section */

/* Begin PBXVariantGroup section */
		1F0E96D1285A0B0600E5EFFD /* Localizable.strings */ = {
			isa = PBXVariantGroup;
			children = (
				1F0E96D0285A0B0600E5EFFD /* en */,
				1F0E96D2285A0B2B00E5EFFD /* ar */,
				1F0E96D3285A0B3300E5EFFD /* ru */,
			);
			name = Localizable.strings;
			sourceTree = "<group>";
		};
		1F0E96D8285A26AC00E5EFFD /* Localizable.stringsdict */ = {
			isa = PBXVariantGroup;
			children = (
				1F0E96D7285A26AC00E5EFFD /* en */,
				1F0E96D9285A26AF00E5EFFD /* ar */,
				1F0E96DA285A26B000E5EFFD /* ru */,
			);
			name = Localizable.stringsdict;
			sourceTree = "<group>";
		};
/* End PBXVariantGroup section */

/* Begin XCBuildConfiguration section */
		1F0E96C1285A00C000E5EFFD /* Debug */ = {
			isa = XCBuildConfiguration;
			buildSettings = {
				ALWAYS_SEARCH_USER_PATHS = NO;
				CLANG_ANALYZER_LOCALIZABILITY_NONLOCALIZED = YES;
				CLANG_ANALYZER_NONNULL = YES;
				CLANG_ANALYZER_NUMBER_OBJECT_CONVERSION = YES_AGGRESSIVE;
				CLANG_CXX_LANGUAGE_STANDARD = "gnu++17";
				CLANG_CXX_LIBRARY = "libc++";
				CLANG_ENABLE_MODULES = YES;
				CLANG_ENABLE_OBJC_ARC = YES;
				CLANG_ENABLE_OBJC_WEAK = YES;
				CLANG_WARN_BLOCK_CAPTURE_AUTORELEASING = YES;
				CLANG_WARN_BOOL_CONVERSION = YES;
				CLANG_WARN_COMMA = YES;
				CLANG_WARN_CONSTANT_CONVERSION = YES;
				CLANG_WARN_DEPRECATED_OBJC_IMPLEMENTATIONS = YES;
				CLANG_WARN_DIRECT_OBJC_ISA_USAGE = YES_ERROR;
				CLANG_WARN_DOCUMENTATION_COMMENTS = YES;
				CLANG_WARN_EMPTY_BODY = YES;
				CLANG_WARN_ENUM_CONVERSION = YES;
				CLANG_WARN_INFINITE_RECURSION = YES;
				CLANG_WARN_INT_CONVERSION = YES;
				CLANG_WARN_NON_LITERAL_NULL_CONVERSION = YES;
				CLANG_WARN_OBJC_IMPLICIT_RETAIN_SELF = YES;
				CLANG_WARN_OBJC_LITERAL_CONVERSION = YES;
				CLANG_WARN_OBJC_ROOT_CLASS = YES_ERROR;
				CLANG_WARN_QUOTED_INCLUDE_IN_FRAMEWORK_HEADER = YES;
				CLANG_WARN_RANGE_LOOP_ANALYSIS = YES;
				CLANG_WARN_STRICT_PROTOTYPES = YES;
				CLANG_WARN_SUSPICIOUS_MOVE = YES;
				CLANG_WARN_UNGUARDED_AVAILABILITY = YES_AGGRESSIVE;
				CLANG_WARN_UNREACHABLE_CODE = YES;
				CLANG_WARN__DUPLICATE_METHOD_MATCH = YES;
				COPY_PHASE_STRIP = NO;
				DEBUG_INFORMATION_FORMAT = dwarf;
				ENABLE_STRICT_OBJC_MSGSEND = YES;
				ENABLE_TESTABILITY = YES;
				GCC_C_LANGUAGE_STANDARD = gnu11;
				GCC_DYNAMIC_NO_PIC = NO;
				GCC_NO_COMMON_BLOCKS = YES;
				GCC_OPTIMIZATION_LEVEL = 0;
				GCC_PREPROCESSOR_DEFINITIONS = (
					"DEBUG=1",
					"$(inherited)",
				);
				GCC_WARN_64_TO_32_BIT_CONVERSION = YES;
				GCC_WARN_ABOUT_RETURN_TYPE = YES_ERROR;
				GCC_WARN_UNDECLARED_SELECTOR = YES;
				GCC_WARN_UNINITIALIZED_AUTOS = YES_AGGRESSIVE;
				GCC_WARN_UNUSED_FUNCTION = YES;
				GCC_WARN_UNUSED_VARIABLE = YES;
				IPHONEOS_DEPLOYMENT_TARGET = 15.0;
				MTL_ENABLE_DEBUG_INFO = INCLUDE_SOURCE;
				MTL_FAST_MATH = YES;
				ONLY_ACTIVE_ARCH = YES;
				SDKROOT = iphoneos;
				SWIFT_ACTIVE_COMPILATION_CONDITIONS = DEBUG;
				SWIFT_OPTIMIZATION_LEVEL = "-Onone";
			};
			name = Debug;
		};
		1F0E96C2285A00C000E5EFFD /* Release */ = {
			isa = XCBuildConfiguration;
			buildSettings = {
				ALWAYS_SEARCH_USER_PATHS = NO;
				CLANG_ANALYZER_LOCALIZABILITY_NONLOCALIZED = YES;
				CLANG_ANALYZER_NONNULL = YES;
				CLANG_ANALYZER_NUMBER_OBJECT_CONVERSION = YES_AGGRESSIVE;
				CLANG_CXX_LANGUAGE_STANDARD = "gnu++17";
				CLANG_CXX_LIBRARY = "libc++";
				CLANG_ENABLE_MODULES = YES;
				CLANG_ENABLE_OBJC_ARC = YES;
				CLANG_ENABLE_OBJC_WEAK = YES;
				CLANG_WARN_BLOCK_CAPTURE_AUTORELEASING = YES;
				CLANG_WARN_BOOL_CONVERSION = YES;
				CLANG_WARN_COMMA = YES;
				CLANG_WARN_CONSTANT_CONVERSION = YES;
				CLANG_WARN_DEPRECATED_OBJC_IMPLEMENTATIONS = YES;
				CLANG_WARN_DIRECT_OBJC_ISA_USAGE = YES_ERROR;
				CLANG_WARN_DOCUMENTATION_COMMENTS = YES;
				CLANG_WARN_EMPTY_BODY = YES;
				CLANG_WARN_ENUM_CONVERSION = YES;
				CLANG_WARN_INFINITE_RECURSION = YES;
				CLANG_WARN_INT_CONVERSION = YES;
				CLANG_WARN_NON_LITERAL_NULL_CONVERSION = YES;
				CLANG_WARN_OBJC_IMPLICIT_RETAIN_SELF = YES;
				CLANG_WARN_OBJC_LITERAL_CONVERSION = YES;
				CLANG_WARN_OBJC_ROOT_CLASS = YES_ERROR;
				CLANG_WARN_QUOTED_INCLUDE_IN_FRAMEWORK_HEADER = YES;
				CLANG_WARN_RANGE_LOOP_ANALYSIS = YES;
				CLANG_WARN_STRICT_PROTOTYPES = YES;
				CLANG_WARN_SUSPICIOUS_MOVE = YES;
				CLANG_WARN_UNGUARDED_AVAILABILITY = YES_AGGRESSIVE;
				CLANG_WARN_UNREACHABLE_CODE = YES;
				CLANG_WARN__DUPLICATE_METHOD_MATCH = YES;
				COPY_PHASE_STRIP = NO;
				DEBUG_INFORMATION_FORMAT = "dwarf-with-dsym";
				ENABLE_NS_ASSERTIONS = NO;
				ENABLE_STRICT_OBJC_MSGSEND = YES;
				GCC_C_LANGUAGE_STANDARD = gnu11;
				GCC_NO_COMMON_BLOCKS = YES;
				GCC_WARN_64_TO_32_BIT_CONVERSION = YES;
				GCC_WARN_ABOUT_RETURN_TYPE = YES_ERROR;
				GCC_WARN_UNDECLARED_SELECTOR = YES;
				GCC_WARN_UNINITIALIZED_AUTOS = YES_AGGRESSIVE;
				GCC_WARN_UNUSED_FUNCTION = YES;
				GCC_WARN_UNUSED_VARIABLE = YES;
				IPHONEOS_DEPLOYMENT_TARGET = 15.0;
				MTL_ENABLE_DEBUG_INFO = NO;
				MTL_FAST_MATH = YES;
				SDKROOT = iphoneos;
				SWIFT_COMPILATION_MODE = wholemodule;
				SWIFT_OPTIMIZATION_LEVEL = "-O";
				VALIDATE_PRODUCT = YES;
			};
			name = Release;
		};
		1F0E96C4285A00C000E5EFFD /* Debug */ = {
			isa = XCBuildConfiguration;
			buildSettings = {
				ASSETCATALOG_COMPILER_APPICON_NAME = AppIcon;
				ASSETCATALOG_COMPILER_GLOBAL_ACCENT_COLOR_NAME = AccentColor;
				CODE_SIGN_STYLE = Automatic;
				CURRENT_PROJECT_VERSION = 1;
				DEVELOPMENT_ASSET_PATHS = "\"ios-localization-test/Preview Content\"";
				ENABLE_PREVIEWS = YES;
				GENERATE_INFOPLIST_FILE = YES;
				INFOPLIST_KEY_UIApplicationSceneManifest_Generation = YES;
				INFOPLIST_KEY_UIApplicationSupportsIndirectInputEvents = YES;
				INFOPLIST_KEY_UILaunchScreen_Generation = YES;
				INFOPLIST_KEY_UISupportedInterfaceOrientations_iPad = "UIInterfaceOrientationPortrait UIInterfaceOrientationPortraitUpsideDown UIInterfaceOrientationLandscapeLeft UIInterfaceOrientationLandscapeRight";
				INFOPLIST_KEY_UISupportedInterfaceOrientations_iPhone = "UIInterfaceOrientationPortrait UIInterfaceOrientationLandscapeLeft UIInterfaceOrientationLandscapeRight";
				IPHONEOS_DEPLOYMENT_TARGET = 15.0;
				LD_RUNPATH_SEARCH_PATHS = (
					"$(inherited)",
					"@executable_path/Frameworks",
				);
				MARKETING_VERSION = 1.0;
				PRODUCT_BUNDLE_IDENTIFIER = "test.ios-localization-test";
				PRODUCT_NAME = "$(TARGET_NAME)";
				SWIFT_EMIT_LOC_STRINGS = YES;
				SWIFT_VERSION = 5.0;
				TARGETED_DEVICE_FAMILY = "1,2";
			};
			name = Debug;
		};
		1F0E96C5285A00C000E5EFFD /* Release */ = {
			isa = XCBuildConfiguration;
			buildSettings = {
				ASSETCATALOG_COMPILER_APPICON_NAME = AppIcon;
				ASSETCATALOG_COMPILER_GLOBAL_ACCENT_COLOR_NAME = AccentColor;
				CODE_SIGN_STYLE = Automatic;
				CURRENT_PROJECT_VERSION = 1;
				DEVELOPMENT_ASSET_PATHS = "\"ios-localization-test/Preview Content\"";
				ENABLE_PREVIEWS = YES;
				GENERATE_INFOPLIST_FILE = YES;
				INFOPLIST_KEY_UIApplicationSceneManifest_Generation = YES;
				INFOPLIST_KEY_UIApplicationSupportsIndirectInputEvents = YES;
				INFOPLIST_KEY_UILaunchScreen_Generation = YES;
				INFOPLIST_KEY_UISupportedInterfaceOrientations_iPad = "UIInterfaceOrientationPortrait UIInterfaceOrientationPortraitUpsideDown UIInterfaceOrientationLandscapeLeft UIInterfaceOrientationLandscapeRight";
				INFOPLIST_KEY_UISupportedInterfaceOrientations_iPhone = "UIInterfaceOrientationPortrait UIInterfaceOrientationLandscapeLeft UIInterfaceOrientationLandscapeRight";
				IPHONEOS_DEPLOYMENT_TARGET = 15.0;
				LD_RUNPATH_SEARCH_PATHS = (
					"$(inherited)",
					"@executable_path/Frameworks",
				);
				MARKETING_VERSION = 1.0;
				PRODUCT_BUNDLE_IDENTIFIER = "test.ios-localization-test";
				PRODUCT_NAME = "$(TARGET_NAME)";
				SWIFT_EMIT_LOC_STRINGS = YES;
				SWIFT_VERSION = 5.0;
				TARGETED_DEVICE_FAMILY = "1,2";
			};
			name = Release;
		};
		1F0E96C7285A00C000E5EFFD /* Debug */ = {
			isa = XCBuildConfiguration;
			buildSettings = {
				ALWAYS_EMBED_SWIFT_STANDARD_LIBRARIES = YES;
				BUNDLE_LOADER = "$(TEST_HOST)";
				CODE_SIGN_STYLE = Automatic;
				CURRENT_PROJECT_VERSION = 1;
				GENERATE_INFOPLIST_FILE = YES;
				IPHONEOS_DEPLOYMENT_TARGET = 14.0;
				LD_RUNPATH_SEARCH_PATHS = (
					"$(inherited)",
					"@executable_path/Frameworks",
					"@loader_path/Frameworks",
				);
				MARKETING_VERSION = 1.0;
				PRODUCT_BUNDLE_IDENTIFIER = "test.ios-localization-testTests";
				PRODUCT_NAME = "$(TARGET_NAME)";
				SWIFT_EMIT_LOC_STRINGS = NO;
				SWIFT_VERSION = 5.0;
				TARGETED_DEVICE_FAMILY = "1,2";
				TEST_HOST = "$(BUILT_PRODUCTS_DIR)/ios-localization-test.app/ios-localization-test";
			};
			name = Debug;
		};
		1F0E96C8285A00C000E5EFFD /* Release */ = {
			isa = XCBuildConfiguration;
			buildSettings = {
				ALWAYS_EMBED_SWIFT_STANDARD_LIBRARIES = YES;
				BUNDLE_LOADER = "$(TEST_HOST)";
				CODE_SIGN_STYLE = Automatic;
				CURRENT_PROJECT_VERSION = 1;
				GENERATE_INFOPLIST_FILE = YES;
				IPHONEOS_DEPLOYMENT_TARGET = 14.0;
				LD_RUNPATH_SEARCH_PATHS = (
					"$(inherited)",
					"@executable_path/Frameworks",
					"@loader_path/Frameworks",
				);
				MARKETING_VERSION = 1.0;
				PRODUCT_BUNDLE_IDENTIFIER = "test.ios-localization-testTests";
				PRODUCT_NAME = "$(TARGET_NAME)";
				SWIFT_EMIT_LOC_STRINGS = NO;
				SWIFT_VERSION = 5.0;
				TARGETED_DEVICE_FAMILY = "1,2";
				TEST_HOST = "$(BUILT_PRODUCTS_DIR)/ios-localization-test.app/ios-localization-test";
			};
			name = Release;
		};
		1F0E96CA285A00C000E5EFFD /* Debug */ = {
			isa = XCBuildConfiguration;
			buildSettings = {
				ALWAYS_EMBED_SWIFT_STANDARD_LIBRARIES = YES;
				CODE_SIGN_STYLE = Automatic;
				CURRENT_PROJECT_VERSION = 1;
				GENERATE_INFOPLIST_FILE = YES;
				LD_RUNPATH_SEARCH_PATHS = (
					"$(inherited)",
					"@executable_path/Frameworks",
					"@loader_path/Frameworks",
				);
				MARKETING_VERSION = 1.0;
				PRODUCT_BUNDLE_IDENTIFIER = "test.ios-localization-testUITests";
				PRODUCT_NAME = "$(TARGET_NAME)";
				SWIFT_EMIT_LOC_STRINGS = NO;
				SWIFT_VERSION = 5.0;
				TARGETED_DEVICE_FAMILY = "1,2";
				TEST_TARGET_NAME = "ios-localization-test";
			};
			name = Debug;
		};
		1F0E96CB285A00C000E5EFFD /* Release */ = {
			isa = XCBuildConfiguration;
			buildSettings = {
				ALWAYS_EMBED_SWIFT_STANDARD_LIBRARIES = YES;
				CODE_SIGN_STYLE = Automatic;
				CURRENT_PROJECT_VERSION = 1;
				GENERATE_INFOPLIST_FILE = YES;
				LD_RUNPATH_SEARCH_PATHS = (
					"$(inherited)",
					"@executable_path/Frameworks",
					"@loader_path/Frameworks",
				);
				MARKETING_VERSION = 1.0;
				PRODUCT_BUNDLE_IDENTIFIER = "test.ios-localization-testUITests";
				PRODUCT_NAME = "$(TARGET_NAME)";
				SWIFT_EMIT_LOC_STRINGS = NO;
				SWIFT_VERSION = 5.0;
				TARGETED_DEVICE_FAMILY = "1,2";
				TEST_TARGET_NAME = "ios-localization-test";
			};
			name = Release;
		};
/* End XCBuildConfiguration section */

/* Begin XCConfigurationList section */
		1F0E969A285A00BF00E5EFFD /* Build configuration list for PBXProject "ios-localization-test" */ = {
			isa = XCConfigurationList;
			buildConfigurations = (
				1F0E96C1285A00C000E5EFFD /* Debug */,
				1F0E96C2285A00C000E5EFFD /* Release */,
			);
			defaultConfigurationIsVisible = 0;
			defaultConfigurationName = Release;
		};
		1F0E96C3285A00C000E5EFFD /* Build configuration list for PBXNativeTarget "ios-localization-test" */ = {
			isa = XCConfigurationList;
			buildConfigurations = (
				1F0E96C4285A00C000E5EFFD /* Debug */,
				1F0E96C5285A00C000E5EFFD /* Release */,
			);
			defaultConfigurationIsVisible = 0;
			defaultConfigurationName = Release;
		};
		1F0E96C6285A00C000E5EFFD /* Build configuration list for PBXNativeTarget "ios-localization-testTests" */ = {
			isa = XCConfigurationList;
			buildConfigurations = (
				1F0E96C7285A00C000E5EFFD /* Debug */,
				1F0E96C8285A00C000E5EFFD /* Release */,
			);
			defaultConfigurationIsVisible = 0;
			defaultConfigurationName = Release;
		};
		1F0E96C9285A00C000E5EFFD /* Build configuration list for PBXNativeTarget "ios-localization-testUITests" */ = {
			isa = XCConfigurationList;
			buildConfigurations = (
				1F0E96CA285A00C000E5EFFD /* Debug */,
				1F0E96CB285A00C000E5EFFD /* Release */,
			);
			defaultConfigurationIsVisible = 0;
			defaultConfigurationName = Release;
		};
/* End XCConfigurationList section */
	};
	rootObject = 1F0E9697285A00BF00E5EFFD /* Project object */;
}
